<?xml version="1.0"?>
<CONFIG>
  <ProjectOptions>
    <Version Value="9"/>
    <General>
      <Flags>
        <MainUnitHasCreateFormStatements Value="False"/>
      </Flags>
      <MainUnit Value="0"/>
      <ResourceType Value="res"/>
      <UseXPManifest Value="True"/>
      <Icon Value="0"/>
      <ActiveWindowIndexAtStart Value="0"/>
    </General>
    <i18n>
      <EnableI18N LFM="False"/>
    </i18n>
    <VersionInfo>
      <StringTable ProductVersion=""/>
    </VersionInfo>
    <BuildModes Count="1" Active="Default">
      <Item1 Name="Default" Default="True"/>
    </BuildModes>
    <PublishOptions>
      <Version Value="2"/>
      <IncludeFileFilter Value="*.(pas|pp|inc|lfm|lpr|lrs|lpi|lpk|sh|xml)"/>
      <ExcludeFileFilter Value="*.(bak|ppu|o|so);*~;backup"/>
    </PublishOptions>
    <RunParams>
      <local>
        <FormatVersion Value="1"/>
        <LaunchingApplication Use="True" PathPlusParams="/usr/bin/xterm -T 'Lazarus Run Output' -e $(LazarusDir)/tools/runwait.sh $(TargetCmdLine)"/>
      </local>
    </RunParams>
    <Units Count="3">
      <Unit0>
        <Filename Value="palitsa_scan.lpr"/>
        <IsPartOfProject Value="True"/>
        <UnitName Value="palitsa_scan"/>
        <EditorIndex Value="0"/>
        <WindowIndex Value="0"/>
        <TopLine Value="23"/>
        <CursorPos X="10" Y="36"/>
        <UsageCount Value="27"/>
        <Loaded Value="True"/>
      </Unit0>
      <Unit1>
        <Filename Value="../common/palitsa_base.pas"/>
        <IsPartOfProject Value="True"/>
        <UnitName Value="palitsa_base"/>
        <IsVisibleTab Value="True"/>
        <EditorIndex Value="2"/>
        <WindowIndex Value="0"/>
        <TopLine Value="10"/>
        <CursorPos X="29" Y="28"/>
        <UsageCount Value="27"/>
        <Loaded Value="True"/>
      </Unit1>
      <Unit2>
        <Filename Value="/usr/share/fpcsrc/2.4.4/packages/fcl-base/src/custapp.pp"/>
        <UnitName Value="CustApp"/>
        <EditorIndex Value="1"/>
        <WindowIndex Value="0"/>
        <TopLine Value="45"/>
        <CursorPos X="25" Y="62"/>
        <UsageCount Value="13"/>
        <Loaded Value="True"/>
      </Unit2>
    </Units>
    <JumpHistory Count="9" HistoryIndex="8">
      <Position1>
        <Filename Value="../common/palitsa_base.pas"/>
        <Caret Line="23" Column="7" TopLine="1"/>
      </Position1>
      <Position2>
        <Filename Value="../common/palitsa_base.pas"/>
        <Caret Line="22" Column="54" TopLine="1"/>
      </Position2>
      <Position3>
        <Filename Value="palitsa_scan.lpr"/>
        <Caret Line="34" Column="13" TopLine="12"/>
      </Position3>
      <Position4>
        <Filename Value="palitsa_scan.lpr"/>
        <Caret Line="32" Column="22" TopLine="23"/>
      </Position4>
      <Position5>
        <Filename Value="../common/palitsa_base.pas"/>
        <Caret Line="43" Column="3" TopLine="25"/>
      </Position5>
      <Position6>
        <Filename Value="../common/palitsa_base.pas"/>
        <Caret Line="54" Column="28" TopLine="9"/>
      </Position6>
      <Position7>
        <Filename Value="../common/palitsa_base.pas"/>
        <Caret Line="23" Column="17" TopLine="1"/>
      </Position7>
      <Position8>
        <Filename Value="../common/palitsa_base.pas"/>
        <Caret Line="36" Column="18" TopLine="12"/>
      </Position8>
      <Position9>
        <Filename Value="../common/palitsa_base.pas"/>
        <Caret Line="50" Column="24" TopLine="25"/>
      </Position9>
    </JumpHistory>
  </ProjectOptions>
  <CompilerOptions>
    <Version Value="9"/>
    <Target>
      <Filename Value="palitsa_scan"/>
    </Target>
    <SearchPaths>
      <IncludeFiles Value="$(ProjOutDir)"/>
      <OtherUnitFiles Value="../common"/>
      <UnitOutputDirectory Value="lib/$(TargetCPU)-$(TargetOS)"/>
    </SearchPaths>
    <Other>
      <CompilerPath Value="$(CompPath)"/>
    </Other>
  </CompilerOptions>
  <Debugging>
    <Exceptions Count="3">
      <Item1>
        <Name Value="EAbort"/>
      </Item1>
      <Item2>
        <Name Value="ECodetoolError"/>
      </Item2>
      <Item3>
        <Name Value="EFOpenError"/>
      </Item3>
    </Exceptions>
  </Debugging>
</CONFIG>
